
Microsoft Visual Studio Solution File, Format Version 12.00
# Visual Studio 14
VisualStudioVersion = 14.0.25420.1
MinimumVisualStudioVersion = 10.0.40219.1
Project("{2150E333-8FDC-42A3-9474-1A3956D46DE8}") = "Clients", "Clients", "{25492234-E1E0-4917-9786-C798425482F8}"
EndProject
Project("{2150E333-8FDC-42A3-9474-1A3956D46DE8}") = "DATA", "DATA", "{8494A10C-8E48-48C6-B881-964571B3F496}"
EndProject
Project("{2150E333-8FDC-42A3-9474-1A3956D46DE8}") = "STACK", "STACK", "{CACEACF4-4C2F-4FEF-9625-1413F33010B1}"
EndProject
Project("{FAE04EC0-301F-11D3-BF4B-00C04F79EFBC}") = "Cnsl.Playground", "Cnsl.Playground\Cnsl.Playground.csproj", "{F79C8ABA-0CA5-4E59-930B-41CAF0D91815}"
EndProject
Project("{FAE04EC0-301F-11D3-BF4B-00C04F79EFBC}") = "Test.Playground", "C:\Projects\Playground\CLIENTS\Playground\Test.Playground\Test.Playground.csproj", "{FC8D9FE9-6A0B-42F4-8C25-8A62C2F2550F}"
EndProject
Project("{FAE04EC0-301F-11D3-BF4B-00C04F79EFBC}") = "MicroLite.ORM", "MicroLite.ORM\MicroLite.ORM.csproj", "{78B95E39-ECBE-4C68-8650-41B3F6395474}"
EndProject
Project("{8BB2217D-0F2D-49D1-97BC-3654ED321F3B}") = "DapperCore", "DapperCore\DapperCore.xproj", "{BD436FA5-7C49-49F1-9418-A4A0B60784DA}"
EndProject
Project("{8BB2217D-0F2D-49D1-97BC-3654ED321F3B}") = "EF.MySql", "EF.MySql\EF.MySql.xproj", "{7E1B0D46-3346-4F97-9AD7-8D800A06B742}"
EndProject
Global
	GlobalSection(SolutionConfigurationPlatforms) = preSolution
		Debug|Any CPU = Debug|Any CPU
		Release|Any CPU = Release|Any CPU
	EndGlobalSection
	GlobalSection(ProjectConfigurationPlatforms) = postSolution
		{F79C8ABA-0CA5-4E59-930B-41CAF0D91815}.Debug|Any CPU.ActiveCfg = Debug|Any CPU
		{F79C8ABA-0CA5-4E59-930B-41CAF0D91815}.Debug|Any CPU.Build.0 = Debug|Any CPU
		{F79C8ABA-0CA5-4E59-930B-41CAF0D91815}.Release|Any CPU.ActiveCfg = Release|Any CPU
		{F79C8ABA-0CA5-4E59-930B-41CAF0D91815}.Release|Any CPU.Build.0 = Release|Any CPU
		{FC8D9FE9-6A0B-42F4-8C25-8A62C2F2550F}.Debug|Any CPU.ActiveCfg = Debug|Any CPU
		{FC8D9FE9-6A0B-42F4-8C25-8A62C2F2550F}.Debug|Any CPU.Build.0 = Debug|Any CPU
		{FC8D9FE9-6A0B-42F4-8C25-8A62C2F2550F}.Release|Any CPU.ActiveCfg = Release|Any CPU
		{FC8D9FE9-6A0B-42F4-8C25-8A62C2F2550F}.Release|Any CPU.Build.0 = Release|Any CPU
		{78B95E39-ECBE-4C68-8650-41B3F6395474}.Debug|Any CPU.ActiveCfg = Debug|Any CPU
		{78B95E39-ECBE-4C68-8650-41B3F6395474}.Debug|Any CPU.Build.0 = Debug|Any CPU
		{78B95E39-ECBE-4C68-8650-41B3F6395474}.Release|Any CPU.ActiveCfg = Release|Any CPU
		{78B95E39-ECBE-4C68-8650-41B3F6395474}.Release|Any CPU.Build.0 = Release|Any CPU
		{BD436FA5-7C49-49F1-9418-A4A0B60784DA}.Debug|Any CPU.ActiveCfg = Debug|Any CPU
		{BD436FA5-7C49-49F1-9418-A4A0B60784DA}.Debug|Any CPU.Build.0 = Debug|Any CPU
		{BD436FA5-7C49-49F1-9418-A4A0B60784DA}.Release|Any CPU.ActiveCfg = Release|Any CPU
		{BD436FA5-7C49-49F1-9418-A4A0B60784DA}.Release|Any CPU.Build.0 = Release|Any CPU
		{7E1B0D46-3346-4F97-9AD7-8D800A06B742}.Debug|Any CPU.ActiveCfg = Debug|Any CPU
		{7E1B0D46-3346-4F97-9AD7-8D800A06B742}.Debug|Any CPU.Build.0 = Debug|Any CPU
		{7E1B0D46-3346-4F97-9AD7-8D800A06B742}.Release|Any CPU.ActiveCfg = Release|Any CPU
		{7E1B0D46-3346-4F97-9AD7-8D800A06B742}.Release|Any CPU.Build.0 = Release|Any CPU
	EndGlobalSection
	GlobalSection(SolutionProperties) = preSolution
		HideSolutionNode = FALSE
	EndGlobalSection
	GlobalSection(NestedProjects) = preSolution
		{F79C8ABA-0CA5-4E59-930B-41CAF0D91815} = {25492234-E1E0-4917-9786-C798425482F8}
		{FC8D9FE9-6A0B-42F4-8C25-8A62C2F2550F} = {25492234-E1E0-4917-9786-C798425482F8}
		{78B95E39-ECBE-4C68-8650-41B3F6395474} = {25492234-E1E0-4917-9786-C798425482F8}
		{BD436FA5-7C49-49F1-9418-A4A0B60784DA} = {25492234-E1E0-4917-9786-C798425482F8}
		{7E1B0D46-3346-4F97-9AD7-8D800A06B742} = {25492234-E1E0-4917-9786-C798425482F8}
	EndGlobalSection
EndGlobal
