
Microsoft Visual Studio Solution File, Format Version 12.00
# Visual Studio 14
VisualStudioVersion = 14.0.25420.1
MinimumVisualStudioVersion = 10.0.40219.1
Project("{2150E333-8FDC-42A3-9474-1A3956D46DE8}") = "Clients", "Clients", "{25492234-E1E0-4917-9786-C798425482F8}"
EndProject
Project("{2150E333-8FDC-42A3-9474-1A3956D46DE8}") = "DATA", "DATA", "{8494A10C-8E48-48C6-B881-964571B3F496}"
EndProject
Project("{2150E333-8FDC-42A3-9474-1A3956D46DE8}") = "STACK", "STACK", "{CACEACF4-4C2F-4FEF-9625-1413F33010B1}"
EndProject
Project("{FAE04EC0-301F-11D3-BF4B-00C04F79EFBC}") = "Cnsl.Playground", "Cnsl.Playground\Cnsl.Playground.csproj", "{F79C8ABA-0CA5-4E59-930B-41CAF0D91815}"
EndProject
Project("{8BB2217D-0F2D-49D1-97BC-3654ED321F3B}") = "Timers.Konsole", "Timers.Konsole\Timers.Konsole.xproj", "{F1266F32-225D-4ECF-9A92-AA83322177E9}"
EndProject
Project("{8BB2217D-0F2D-49D1-97BC-3654ED321F3B}") = "Dapper.Core.Konsole", "Dapper.Core.Konsole\Dapper.Core.Konsole.xproj", "{5759FF5B-DC59-479D-AEF9-BD9063549E44}"
EndProject
Project("{2150E333-8FDC-42A3-9474-1A3956D46DE8}") = "1. Business Objects", "1. Business Objects", "{5AB63CFC-FE32-413B-A18C-E2B2CAB61070}"
EndProject
Project("{2150E333-8FDC-42A3-9474-1A3956D46DE8}") = "2. Service Layer", "2. Service Layer", "{32D5747F-EED8-4A62-9962-CA381F498A8E}"
EndProject
Project("{8BB2217D-0F2D-49D1-97BC-3654ED321F3B}") = "CoreServices", "..\..\STACK\_CORE\CoreServices\CoreServices.xproj", "{737FA776-CDF9-4E3C-90B6-81FA00CF2727}"
EndProject
Project("{8BB2217D-0F2D-49D1-97BC-3654ED321F3B}") = "BusinessObjects", "..\..\STACK\_CORE\BusinessObjects\BusinessObjects.xproj", "{DF2FD837-4621-4606-A162-E0D1571473AF}"
EndProject
Project("{8BB2217D-0F2D-49D1-97BC-3654ED321F3B}") = "Framework", "..\..\STACK\_CORE\Framework\Framework.xproj", "{9CD079AE-D374-451B-A2C5-F5A580B0D240}"
EndProject
Project("{2150E333-8FDC-42A3-9474-1A3956D46DE8}") = "3. Data Access Layer", "3. Data Access Layer", "{6434FAA7-DDDE-4F0B-B800-F6A54E58A492}"
EndProject
Project("{8BB2217D-0F2D-49D1-97BC-3654ED321F3B}") = "DataAccess", "..\..\STACK\_CORE\DataAccess\DataAccess.xproj", "{54623D9C-11A7-4E49-9874-CB5BAA01A44D}"
EndProject
Project("{2150E333-8FDC-42A3-9474-1A3956D46DE8}") = "Implementations", "Implementations", "{92B478C9-2128-4DC2-85E7-6C00A74AC0FC}"
EndProject
Project("{8BB2217D-0F2D-49D1-97BC-3654ED321F3B}") = "DataAccess.Playground", "..\..\STACK\_CORE\DataAccess.Playground\DataAccess.Playground.xproj", "{E3149243-7521-471D-84D3-CA78F139530A}"
EndProject
Project("{00D1A9C2-B5F0-4AF3-8072-F6C62B433612}") = "PlaygroundDb", "..\..\DATA\PlaygroundDb\PlaygroundDb.sqlproj", "{3B060ECB-7E6E-4A24-B70A-80BA98C2A8B2}"
EndProject
Project("{2150E333-8FDC-42A3-9474-1A3956D46DE8}") = "Solution Items", "Solution Items", "{DBEDDCE9-A867-4D83-A3CC-077001B3324A}"
	ProjectSection(SolutionItems) = preProject
		global.json = global.json
	EndProjectSection
EndProject
Global
	GlobalSection(SolutionConfigurationPlatforms) = preSolution
		Debug|Any CPU = Debug|Any CPU
		Release|Any CPU = Release|Any CPU
	EndGlobalSection
	GlobalSection(ProjectConfigurationPlatforms) = postSolution
		{F79C8ABA-0CA5-4E59-930B-41CAF0D91815}.Debug|Any CPU.ActiveCfg = Debug|Any CPU
		{F79C8ABA-0CA5-4E59-930B-41CAF0D91815}.Debug|Any CPU.Build.0 = Debug|Any CPU
		{F79C8ABA-0CA5-4E59-930B-41CAF0D91815}.Release|Any CPU.ActiveCfg = Release|Any CPU
		{F79C8ABA-0CA5-4E59-930B-41CAF0D91815}.Release|Any CPU.Build.0 = Release|Any CPU
		{F1266F32-225D-4ECF-9A92-AA83322177E9}.Debug|Any CPU.ActiveCfg = Debug|Any CPU
		{F1266F32-225D-4ECF-9A92-AA83322177E9}.Debug|Any CPU.Build.0 = Debug|Any CPU
		{F1266F32-225D-4ECF-9A92-AA83322177E9}.Release|Any CPU.ActiveCfg = Release|Any CPU
		{F1266F32-225D-4ECF-9A92-AA83322177E9}.Release|Any CPU.Build.0 = Release|Any CPU
		{5759FF5B-DC59-479D-AEF9-BD9063549E44}.Debug|Any CPU.ActiveCfg = Debug|Any CPU
		{5759FF5B-DC59-479D-AEF9-BD9063549E44}.Debug|Any CPU.Build.0 = Debug|Any CPU
		{5759FF5B-DC59-479D-AEF9-BD9063549E44}.Release|Any CPU.ActiveCfg = Release|Any CPU
		{5759FF5B-DC59-479D-AEF9-BD9063549E44}.Release|Any CPU.Build.0 = Release|Any CPU
		{737FA776-CDF9-4E3C-90B6-81FA00CF2727}.Debug|Any CPU.ActiveCfg = Debug|Any CPU
		{737FA776-CDF9-4E3C-90B6-81FA00CF2727}.Debug|Any CPU.Build.0 = Debug|Any CPU
		{737FA776-CDF9-4E3C-90B6-81FA00CF2727}.Release|Any CPU.ActiveCfg = Release|Any CPU
		{737FA776-CDF9-4E3C-90B6-81FA00CF2727}.Release|Any CPU.Build.0 = Release|Any CPU
		{DF2FD837-4621-4606-A162-E0D1571473AF}.Debug|Any CPU.ActiveCfg = Debug|Any CPU
		{DF2FD837-4621-4606-A162-E0D1571473AF}.Debug|Any CPU.Build.0 = Debug|Any CPU
		{DF2FD837-4621-4606-A162-E0D1571473AF}.Release|Any CPU.ActiveCfg = Release|Any CPU
		{DF2FD837-4621-4606-A162-E0D1571473AF}.Release|Any CPU.Build.0 = Release|Any CPU
		{9CD079AE-D374-451B-A2C5-F5A580B0D240}.Debug|Any CPU.ActiveCfg = Debug|Any CPU
		{9CD079AE-D374-451B-A2C5-F5A580B0D240}.Debug|Any CPU.Build.0 = Debug|Any CPU
		{9CD079AE-D374-451B-A2C5-F5A580B0D240}.Release|Any CPU.ActiveCfg = Release|Any CPU
		{9CD079AE-D374-451B-A2C5-F5A580B0D240}.Release|Any CPU.Build.0 = Release|Any CPU
		{54623D9C-11A7-4E49-9874-CB5BAA01A44D}.Debug|Any CPU.ActiveCfg = Debug|Any CPU
		{54623D9C-11A7-4E49-9874-CB5BAA01A44D}.Debug|Any CPU.Build.0 = Debug|Any CPU
		{54623D9C-11A7-4E49-9874-CB5BAA01A44D}.Release|Any CPU.ActiveCfg = Release|Any CPU
		{54623D9C-11A7-4E49-9874-CB5BAA01A44D}.Release|Any CPU.Build.0 = Release|Any CPU
		{E3149243-7521-471D-84D3-CA78F139530A}.Debug|Any CPU.ActiveCfg = Debug|Any CPU
		{E3149243-7521-471D-84D3-CA78F139530A}.Debug|Any CPU.Build.0 = Debug|Any CPU
		{E3149243-7521-471D-84D3-CA78F139530A}.Release|Any CPU.ActiveCfg = Release|Any CPU
		{E3149243-7521-471D-84D3-CA78F139530A}.Release|Any CPU.Build.0 = Release|Any CPU
		{3B060ECB-7E6E-4A24-B70A-80BA98C2A8B2}.Debug|Any CPU.ActiveCfg = Debug|Any CPU
		{3B060ECB-7E6E-4A24-B70A-80BA98C2A8B2}.Debug|Any CPU.Build.0 = Debug|Any CPU
		{3B060ECB-7E6E-4A24-B70A-80BA98C2A8B2}.Debug|Any CPU.Deploy.0 = Debug|Any CPU
		{3B060ECB-7E6E-4A24-B70A-80BA98C2A8B2}.Release|Any CPU.ActiveCfg = Release|Any CPU
		{3B060ECB-7E6E-4A24-B70A-80BA98C2A8B2}.Release|Any CPU.Build.0 = Release|Any CPU
		{3B060ECB-7E6E-4A24-B70A-80BA98C2A8B2}.Release|Any CPU.Deploy.0 = Release|Any CPU
	EndGlobalSection
	GlobalSection(SolutionProperties) = preSolution
		HideSolutionNode = FALSE
	EndGlobalSection
	GlobalSection(NestedProjects) = preSolution
		{F79C8ABA-0CA5-4E59-930B-41CAF0D91815} = {25492234-E1E0-4917-9786-C798425482F8}
		{F1266F32-225D-4ECF-9A92-AA83322177E9} = {25492234-E1E0-4917-9786-C798425482F8}
		{5759FF5B-DC59-479D-AEF9-BD9063549E44} = {25492234-E1E0-4917-9786-C798425482F8}
		{5AB63CFC-FE32-413B-A18C-E2B2CAB61070} = {CACEACF4-4C2F-4FEF-9625-1413F33010B1}
		{32D5747F-EED8-4A62-9962-CA381F498A8E} = {CACEACF4-4C2F-4FEF-9625-1413F33010B1}
		{737FA776-CDF9-4E3C-90B6-81FA00CF2727} = {32D5747F-EED8-4A62-9962-CA381F498A8E}
		{DF2FD837-4621-4606-A162-E0D1571473AF} = {5AB63CFC-FE32-413B-A18C-E2B2CAB61070}
		{9CD079AE-D374-451B-A2C5-F5A580B0D240} = {5AB63CFC-FE32-413B-A18C-E2B2CAB61070}
		{6434FAA7-DDDE-4F0B-B800-F6A54E58A492} = {CACEACF4-4C2F-4FEF-9625-1413F33010B1}
		{54623D9C-11A7-4E49-9874-CB5BAA01A44D} = {6434FAA7-DDDE-4F0B-B800-F6A54E58A492}
		{92B478C9-2128-4DC2-85E7-6C00A74AC0FC} = {6434FAA7-DDDE-4F0B-B800-F6A54E58A492}
		{E3149243-7521-471D-84D3-CA78F139530A} = {92B478C9-2128-4DC2-85E7-6C00A74AC0FC}
		{3B060ECB-7E6E-4A24-B70A-80BA98C2A8B2} = {8494A10C-8E48-48C6-B881-964571B3F496}
	EndGlobalSection
EndGlobal
