
Microsoft Visual Studio Solution File, Format Version 12.00
# Visual Studio 14
VisualStudioVersion = 14.0.25420.1
MinimumVisualStudioVersion = 10.0.40219.1
Project("{2150E333-8FDC-42A3-9474-1A3956D46DE8}") = "CLIENTS", "CLIENTS", "{DFCC89A8-E31B-4917-AED8-700A25DB79F5}"
EndProject
Project("{2150E333-8FDC-42A3-9474-1A3956D46DE8}") = "DATA", "DATA", "{1D60D279-0533-422C-B35A-985ADA8469E5}"
EndProject
Project("{2150E333-8FDC-42A3-9474-1A3956D46DE8}") = "STACK", "STACK", "{25444B03-DA8D-4D21-9CF4-E002F534A83A}"
EndProject
Project("{2150E333-8FDC-42A3-9474-1A3956D46DE8}") = "1. Business Objects", "1. Business Objects", "{426BB25A-D4AB-4B23-92E7-87CDF647A87D}"
EndProject
Project("{2150E333-8FDC-42A3-9474-1A3956D46DE8}") = "2. Services Layer", "2. Services Layer", "{A224CE7B-E069-4ED9-9555-C5EBC6E0F29E}"
EndProject
Project("{2150E333-8FDC-42A3-9474-1A3956D46DE8}") = "3. Data Access Layer", "3. Data Access Layer", "{1B02EE78-D147-4946-B005-A13C458F0F6D}"
EndProject
Project("{2150E333-8FDC-42A3-9474-1A3956D46DE8}") = "Implementations", "Implementations", "{CAAF3BA7-1582-4B3D-B8E2-65275DE09B3C}"
EndProject
Project("{8BB2217D-0F2D-49D1-97BC-3654ED321F3B}") = "Dapper.Core.Konsole", "Dapper.Core.Konsole\Dapper.Core.Konsole.xproj", "{5759FF5B-DC59-479D-AEF9-BD9063549E44}"
EndProject
Project("{8BB2217D-0F2D-49D1-97BC-3654ED321F3B}") = "BusinessObjects", "..\..\STACK\BusinessObjects\BusinessObjects.xproj", "{DF2FD837-4621-4606-A162-E0D1571473AF}"
EndProject
Project("{8BB2217D-0F2D-49D1-97BC-3654ED321F3B}") = "Framework", "..\..\STACK\Framework\Framework.xproj", "{9CD079AE-D374-451B-A2C5-F5A580B0D240}"
EndProject
Project("{8BB2217D-0F2D-49D1-97BC-3654ED321F3B}") = "CoreServices", "..\..\STACK\CoreServices\CoreServices.xproj", "{737FA776-CDF9-4E3C-90B6-81FA00CF2727}"
EndProject
Project("{8BB2217D-0F2D-49D1-97BC-3654ED321F3B}") = "DataAccess", "..\..\STACK\DataAccess\DataAccess.xproj", "{54623D9C-11A7-4E49-9874-CB5BAA01A44D}"
EndProject
Project("{8BB2217D-0F2D-49D1-97BC-3654ED321F3B}") = "DataAccess.Playground", "..\..\STACK\DataAccess.Playground\DataAccess.Playground.xproj", "{E3149243-7521-471D-84D3-CA78F139530A}"
EndProject
Project("{00D1A9C2-B5F0-4AF3-8072-F6C62B433612}") = "PlaygroundDb", "..\..\DATA\PlaygroundDb\PlaygroundDb.sqlproj", "{3B060ECB-7E6E-4A24-B70A-80BA98C2A8B2}"
EndProject
Project("{8BB2217D-0F2D-49D1-97BC-3654ED321F3B}") = "Dapper.MySql.Konsole", "Dapper.MySql.Konsole\Dapper.MySql.Konsole.xproj", "{A3A8FE93-122C-47E7-B6F5-03F83EA4D4DB}"
EndProject
Project("{8BB2217D-0F2D-49D1-97BC-3654ED321F3B}") = "DataAccess.Sakila", "..\..\STACK\DataAccess.Sakila\DataAccess.Sakila.xproj", "{DFDFC5D9-C6DC-431E-AD1A-A8112AD2F1C3}"
EndProject
Global
	GlobalSection(SolutionConfigurationPlatforms) = preSolution
		Debug|Any CPU = Debug|Any CPU
		Release|Any CPU = Release|Any CPU
	EndGlobalSection
	GlobalSection(ProjectConfigurationPlatforms) = postSolution
		{5759FF5B-DC59-479D-AEF9-BD9063549E44}.Debug|Any CPU.ActiveCfg = Debug|Any CPU
		{5759FF5B-DC59-479D-AEF9-BD9063549E44}.Debug|Any CPU.Build.0 = Debug|Any CPU
		{5759FF5B-DC59-479D-AEF9-BD9063549E44}.Release|Any CPU.ActiveCfg = Release|Any CPU
		{5759FF5B-DC59-479D-AEF9-BD9063549E44}.Release|Any CPU.Build.0 = Release|Any CPU
		{DF2FD837-4621-4606-A162-E0D1571473AF}.Debug|Any CPU.ActiveCfg = Debug|Any CPU
		{DF2FD837-4621-4606-A162-E0D1571473AF}.Debug|Any CPU.Build.0 = Debug|Any CPU
		{DF2FD837-4621-4606-A162-E0D1571473AF}.Release|Any CPU.ActiveCfg = Release|Any CPU
		{DF2FD837-4621-4606-A162-E0D1571473AF}.Release|Any CPU.Build.0 = Release|Any CPU
		{9CD079AE-D374-451B-A2C5-F5A580B0D240}.Debug|Any CPU.ActiveCfg = Debug|Any CPU
		{9CD079AE-D374-451B-A2C5-F5A580B0D240}.Debug|Any CPU.Build.0 = Debug|Any CPU
		{9CD079AE-D374-451B-A2C5-F5A580B0D240}.Release|Any CPU.ActiveCfg = Release|Any CPU
		{9CD079AE-D374-451B-A2C5-F5A580B0D240}.Release|Any CPU.Build.0 = Release|Any CPU
		{737FA776-CDF9-4E3C-90B6-81FA00CF2727}.Debug|Any CPU.ActiveCfg = Debug|Any CPU
		{737FA776-CDF9-4E3C-90B6-81FA00CF2727}.Debug|Any CPU.Build.0 = Debug|Any CPU
		{737FA776-CDF9-4E3C-90B6-81FA00CF2727}.Release|Any CPU.ActiveCfg = Release|Any CPU
		{737FA776-CDF9-4E3C-90B6-81FA00CF2727}.Release|Any CPU.Build.0 = Release|Any CPU
		{54623D9C-11A7-4E49-9874-CB5BAA01A44D}.Debug|Any CPU.ActiveCfg = Debug|Any CPU
		{54623D9C-11A7-4E49-9874-CB5BAA01A44D}.Debug|Any CPU.Build.0 = Debug|Any CPU
		{54623D9C-11A7-4E49-9874-CB5BAA01A44D}.Release|Any CPU.ActiveCfg = Release|Any CPU
		{54623D9C-11A7-4E49-9874-CB5BAA01A44D}.Release|Any CPU.Build.0 = Release|Any CPU
		{E3149243-7521-471D-84D3-CA78F139530A}.Debug|Any CPU.ActiveCfg = Debug|Any CPU
		{E3149243-7521-471D-84D3-CA78F139530A}.Debug|Any CPU.Build.0 = Debug|Any CPU
		{E3149243-7521-471D-84D3-CA78F139530A}.Release|Any CPU.ActiveCfg = Release|Any CPU
		{E3149243-7521-471D-84D3-CA78F139530A}.Release|Any CPU.Build.0 = Release|Any CPU
		{3B060ECB-7E6E-4A24-B70A-80BA98C2A8B2}.Debug|Any CPU.ActiveCfg = Debug|Any CPU
		{3B060ECB-7E6E-4A24-B70A-80BA98C2A8B2}.Debug|Any CPU.Build.0 = Debug|Any CPU
		{3B060ECB-7E6E-4A24-B70A-80BA98C2A8B2}.Debug|Any CPU.Deploy.0 = Debug|Any CPU
		{3B060ECB-7E6E-4A24-B70A-80BA98C2A8B2}.Release|Any CPU.ActiveCfg = Release|Any CPU
		{3B060ECB-7E6E-4A24-B70A-80BA98C2A8B2}.Release|Any CPU.Build.0 = Release|Any CPU
		{3B060ECB-7E6E-4A24-B70A-80BA98C2A8B2}.Release|Any CPU.Deploy.0 = Release|Any CPU
		{A3A8FE93-122C-47E7-B6F5-03F83EA4D4DB}.Debug|Any CPU.ActiveCfg = Debug|Any CPU
		{A3A8FE93-122C-47E7-B6F5-03F83EA4D4DB}.Debug|Any CPU.Build.0 = Debug|Any CPU
		{A3A8FE93-122C-47E7-B6F5-03F83EA4D4DB}.Release|Any CPU.ActiveCfg = Release|Any CPU
		{A3A8FE93-122C-47E7-B6F5-03F83EA4D4DB}.Release|Any CPU.Build.0 = Release|Any CPU
		{DFDFC5D9-C6DC-431E-AD1A-A8112AD2F1C3}.Debug|Any CPU.ActiveCfg = Debug|Any CPU
		{DFDFC5D9-C6DC-431E-AD1A-A8112AD2F1C3}.Debug|Any CPU.Build.0 = Debug|Any CPU
		{DFDFC5D9-C6DC-431E-AD1A-A8112AD2F1C3}.Release|Any CPU.ActiveCfg = Release|Any CPU
		{DFDFC5D9-C6DC-431E-AD1A-A8112AD2F1C3}.Release|Any CPU.Build.0 = Release|Any CPU
	EndGlobalSection
	GlobalSection(SolutionProperties) = preSolution
		HideSolutionNode = FALSE
	EndGlobalSection
	GlobalSection(NestedProjects) = preSolution
		{426BB25A-D4AB-4B23-92E7-87CDF647A87D} = {25444B03-DA8D-4D21-9CF4-E002F534A83A}
		{A224CE7B-E069-4ED9-9555-C5EBC6E0F29E} = {25444B03-DA8D-4D21-9CF4-E002F534A83A}
		{1B02EE78-D147-4946-B005-A13C458F0F6D} = {25444B03-DA8D-4D21-9CF4-E002F534A83A}
		{CAAF3BA7-1582-4B3D-B8E2-65275DE09B3C} = {1B02EE78-D147-4946-B005-A13C458F0F6D}
		{5759FF5B-DC59-479D-AEF9-BD9063549E44} = {DFCC89A8-E31B-4917-AED8-700A25DB79F5}
		{DF2FD837-4621-4606-A162-E0D1571473AF} = {426BB25A-D4AB-4B23-92E7-87CDF647A87D}
		{9CD079AE-D374-451B-A2C5-F5A580B0D240} = {426BB25A-D4AB-4B23-92E7-87CDF647A87D}
		{737FA776-CDF9-4E3C-90B6-81FA00CF2727} = {A224CE7B-E069-4ED9-9555-C5EBC6E0F29E}
		{54623D9C-11A7-4E49-9874-CB5BAA01A44D} = {1B02EE78-D147-4946-B005-A13C458F0F6D}
		{E3149243-7521-471D-84D3-CA78F139530A} = {CAAF3BA7-1582-4B3D-B8E2-65275DE09B3C}
		{3B060ECB-7E6E-4A24-B70A-80BA98C2A8B2} = {1D60D279-0533-422C-B35A-985ADA8469E5}
		{A3A8FE93-122C-47E7-B6F5-03F83EA4D4DB} = {DFCC89A8-E31B-4917-AED8-700A25DB79F5}
		{DFDFC5D9-C6DC-431E-AD1A-A8112AD2F1C3} = {CAAF3BA7-1582-4B3D-B8E2-65275DE09B3C}
	EndGlobalSection
EndGlobal
