
Microsoft Visual Studio Solution File, Format Version 12.00
# Visual Studio 14
VisualStudioVersion = 14.0.25123.0
MinimumVisualStudioVersion = 10.0.40219.1
Project("{CC5FD16D-436D-48AD-A40C-5A424C6E3E79}") = "CloudService", "CloudService\CloudService.ccproj", "{A0A0D2CD-522B-4F77-A62F-BAA19AD70EC8}"
EndProject
Project("{FAE04EC0-301F-11D3-BF4B-00C04F79EFBC}") = "WorkerRole1", "WorkerRole1\WorkerRole1.csproj", "{F7F7B29B-3EEC-4ACC-8CCE-B76A6EF9CAF3}"
EndProject
Project("{CC5FD16D-436D-48AD-A40C-5A424C6E3E79}") = "CloudService2", "CloudService2\CloudService2.ccproj", "{7D2152AC-FEA3-4851-A7EA-B536573C2AA7}"
EndProject
Project("{FAE04EC0-301F-11D3-BF4B-00C04F79EFBC}") = "WorkerRole2", "WorkerRole2\WorkerRole2.csproj", "{EAD8C5CB-094D-45AF-92E4-D2DFEF49014C}"
EndProject
Project("{FAE04EC0-301F-11D3-BF4B-00C04F79EFBC}") = "WebRole1", "WebRole1\WebRole1.csproj", "{B61CEEC1-6D7E-4BA2-8CA6-97E19EB1319B}"
EndProject
Global
	GlobalSection(SolutionConfigurationPlatforms) = preSolution
		Debug|Any CPU = Debug|Any CPU
		Release|Any CPU = Release|Any CPU
	EndGlobalSection
	GlobalSection(ProjectConfigurationPlatforms) = postSolution
		{A0A0D2CD-522B-4F77-A62F-BAA19AD70EC8}.Debug|Any CPU.ActiveCfg = Debug|Any CPU
		{A0A0D2CD-522B-4F77-A62F-BAA19AD70EC8}.Debug|Any CPU.Build.0 = Debug|Any CPU
		{A0A0D2CD-522B-4F77-A62F-BAA19AD70EC8}.Release|Any CPU.ActiveCfg = Release|Any CPU
		{A0A0D2CD-522B-4F77-A62F-BAA19AD70EC8}.Release|Any CPU.Build.0 = Release|Any CPU
		{F7F7B29B-3EEC-4ACC-8CCE-B76A6EF9CAF3}.Debug|Any CPU.ActiveCfg = Debug|Any CPU
		{F7F7B29B-3EEC-4ACC-8CCE-B76A6EF9CAF3}.Debug|Any CPU.Build.0 = Debug|Any CPU
		{F7F7B29B-3EEC-4ACC-8CCE-B76A6EF9CAF3}.Release|Any CPU.ActiveCfg = Release|Any CPU
		{F7F7B29B-3EEC-4ACC-8CCE-B76A6EF9CAF3}.Release|Any CPU.Build.0 = Release|Any CPU
		{7D2152AC-FEA3-4851-A7EA-B536573C2AA7}.Debug|Any CPU.ActiveCfg = Debug|Any CPU
		{7D2152AC-FEA3-4851-A7EA-B536573C2AA7}.Debug|Any CPU.Build.0 = Debug|Any CPU
		{7D2152AC-FEA3-4851-A7EA-B536573C2AA7}.Release|Any CPU.ActiveCfg = Release|Any CPU
		{7D2152AC-FEA3-4851-A7EA-B536573C2AA7}.Release|Any CPU.Build.0 = Release|Any CPU
		{EAD8C5CB-094D-45AF-92E4-D2DFEF49014C}.Debug|Any CPU.ActiveCfg = Debug|Any CPU
		{EAD8C5CB-094D-45AF-92E4-D2DFEF49014C}.Debug|Any CPU.Build.0 = Debug|Any CPU
		{EAD8C5CB-094D-45AF-92E4-D2DFEF49014C}.Release|Any CPU.ActiveCfg = Release|Any CPU
		{EAD8C5CB-094D-45AF-92E4-D2DFEF49014C}.Release|Any CPU.Build.0 = Release|Any CPU
		{B61CEEC1-6D7E-4BA2-8CA6-97E19EB1319B}.Debug|Any CPU.ActiveCfg = Debug|Any CPU
		{B61CEEC1-6D7E-4BA2-8CA6-97E19EB1319B}.Debug|Any CPU.Build.0 = Debug|Any CPU
		{B61CEEC1-6D7E-4BA2-8CA6-97E19EB1319B}.Release|Any CPU.ActiveCfg = Release|Any CPU
		{B61CEEC1-6D7E-4BA2-8CA6-97E19EB1319B}.Release|Any CPU.Build.0 = Release|Any CPU
	EndGlobalSection
	GlobalSection(SolutionProperties) = preSolution
		HideSolutionNode = FALSE
	EndGlobalSection
EndGlobal
