
Microsoft Visual Studio Solution File, Format Version 12.00
# Visual Studio 14
VisualStudioVersion = 14.0.25420.1
MinimumVisualStudioVersion = 10.0.40219.1
Project("{2150E333-8FDC-42A3-9474-1A3956D46DE8}") = "CLIENTS", "CLIENTS", "{45FC7F53-0F3B-4FBA-9072-698F02F4049B}"
EndProject
Project("{2150E333-8FDC-42A3-9474-1A3956D46DE8}") = "DATA", "DATA", "{CD93174C-29F8-4BD7-B2EA-FB0D7CEC1BC7}"
EndProject
Project("{2150E333-8FDC-42A3-9474-1A3956D46DE8}") = "STACK", "STACK", "{889CB89C-FADA-43FF-9761-332A79976CEA}"
EndProject
Project("{2150E333-8FDC-42A3-9474-1A3956D46DE8}") = "1. Business Objects Layer", "1. Business Objects Layer", "{98C637FC-CC38-4D46-A7BF-ABC7AC3C77D2}"
EndProject
Project("{2150E333-8FDC-42A3-9474-1A3956D46DE8}") = "2. Core Service Layer", "2. Core Service Layer", "{20463608-BD22-4D43-8508-F05B74A60236}"
EndProject
Project("{2150E333-8FDC-42A3-9474-1A3956D46DE8}") = "3. Data Access Layer", "3. Data Access Layer", "{D08A9659-3209-4E14-B186-7A6FC7243579}"
EndProject
Project("{2150E333-8FDC-42A3-9474-1A3956D46DE8}") = "Implementations", "Implementations", "{66F8E99D-DDB5-48A0-B6F0-3698DA9A2D71}"
EndProject
Project("{8BB2217D-0F2D-49D1-97BC-3654ED321F3B}") = "BusinessObjects", "..\..\STACK\BusinessObjects\BusinessObjects.xproj", "{DF2FD837-4621-4606-A162-E0D1571473AF}"
EndProject
Project("{8BB2217D-0F2D-49D1-97BC-3654ED321F3B}") = "Framework", "..\..\STACK\Framework\Framework.xproj", "{9CD079AE-D374-451B-A2C5-F5A580B0D240}"
EndProject
Project("{8BB2217D-0F2D-49D1-97BC-3654ED321F3B}") = "CoreServices", "..\..\STACK\CoreServices\CoreServices.xproj", "{737FA776-CDF9-4E3C-90B6-81FA00CF2727}"
EndProject
Project("{8BB2217D-0F2D-49D1-97BC-3654ED321F3B}") = "DataAccess", "..\..\STACK\DataAccess\DataAccess.xproj", "{54623D9C-11A7-4E49-9874-CB5BAA01A44D}"
EndProject
Project("{8BB2217D-0F2D-49D1-97BC-3654ED321F3B}") = "DataAccess.Playground", "..\..\STACK\DataAccess.Playground\DataAccess.Playground.xproj", "{E3149243-7521-471D-84D3-CA78F139530A}"
EndProject
Project("{8BB2217D-0F2D-49D1-97BC-3654ED321F3B}") = "DataAccess.Sakila", "..\..\STACK\DataAccess.Sakila\DataAccess.Sakila.xproj", "{DFDFC5D9-C6DC-431E-AD1A-A8112AD2F1C3}"
EndProject
Project("{00D1A9C2-B5F0-4AF3-8072-F6C62B433612}") = "PlaygroundDb", "..\..\DATA\PlaygroundDb\PlaygroundDb.sqlproj", "{3B060ECB-7E6E-4A24-B70A-80BA98C2A8B2}"
EndProject
Project("{8BB2217D-0F2D-49D1-97BC-3654ED321F3B}") = "Playground", "Playground\Playground.xproj", "{52E0C3F1-94B4-45F9-B63B-0597D59D9B75}"
EndProject
Project("{2150E333-8FDC-42A3-9474-1A3956D46DE8}") = "Solution Items", "Solution Items", "{658AE76B-5898-41D0-90DF-C1CE01850C20}"
	ProjectSection(SolutionItems) = preProject
		global.json = global.json
	EndProjectSection
EndProject
Project("{2150E333-8FDC-42A3-9474-1A3956D46DE8}") = "4. Tests", "4. Tests", "{819E8BDD-FDE4-4834-BE9F-0FFC9BEBCB51}"
EndProject
Project("{8BB2217D-0F2D-49D1-97BC-3654ED321F3B}") = "BusinessObjects.Tests", "..\..\STACK\Tests\BusinessObjects.Tests\BusinessObjects.Tests.xproj", "{023860C6-A34F-4E4A-B83C-B47DDE977FCF}"
EndProject
Project("{8BB2217D-0F2D-49D1-97BC-3654ED321F3B}") = "DataAccess.Tests", "..\..\STACK\Tests\DataAccess.Tests\DataAccess.Tests.xproj", "{2CC00A0F-5E11-4FAD-BEE5-7565588948B9}"
EndProject
Project("{8BB2217D-0F2D-49D1-97BC-3654ED321F3B}") = "Framework.Tests", "..\..\STACK\Tests\Framework.Tests\Framework.Tests.xproj", "{62D4BF56-D4AA-4054-9E17-9B075136F439}"
EndProject
Global
	GlobalSection(SolutionConfigurationPlatforms) = preSolution
		Debug|Any CPU = Debug|Any CPU
		Release|Any CPU = Release|Any CPU
	EndGlobalSection
	GlobalSection(ProjectConfigurationPlatforms) = postSolution
		{DF2FD837-4621-4606-A162-E0D1571473AF}.Debug|Any CPU.ActiveCfg = Debug|Any CPU
		{DF2FD837-4621-4606-A162-E0D1571473AF}.Debug|Any CPU.Build.0 = Debug|Any CPU
		{DF2FD837-4621-4606-A162-E0D1571473AF}.Release|Any CPU.ActiveCfg = Release|Any CPU
		{DF2FD837-4621-4606-A162-E0D1571473AF}.Release|Any CPU.Build.0 = Release|Any CPU
		{9CD079AE-D374-451B-A2C5-F5A580B0D240}.Debug|Any CPU.ActiveCfg = Debug|Any CPU
		{9CD079AE-D374-451B-A2C5-F5A580B0D240}.Debug|Any CPU.Build.0 = Debug|Any CPU
		{9CD079AE-D374-451B-A2C5-F5A580B0D240}.Release|Any CPU.ActiveCfg = Release|Any CPU
		{9CD079AE-D374-451B-A2C5-F5A580B0D240}.Release|Any CPU.Build.0 = Release|Any CPU
		{737FA776-CDF9-4E3C-90B6-81FA00CF2727}.Debug|Any CPU.ActiveCfg = Debug|Any CPU
		{737FA776-CDF9-4E3C-90B6-81FA00CF2727}.Debug|Any CPU.Build.0 = Debug|Any CPU
		{737FA776-CDF9-4E3C-90B6-81FA00CF2727}.Release|Any CPU.ActiveCfg = Release|Any CPU
		{737FA776-CDF9-4E3C-90B6-81FA00CF2727}.Release|Any CPU.Build.0 = Release|Any CPU
		{54623D9C-11A7-4E49-9874-CB5BAA01A44D}.Debug|Any CPU.ActiveCfg = Debug|Any CPU
		{54623D9C-11A7-4E49-9874-CB5BAA01A44D}.Debug|Any CPU.Build.0 = Debug|Any CPU
		{54623D9C-11A7-4E49-9874-CB5BAA01A44D}.Release|Any CPU.ActiveCfg = Release|Any CPU
		{54623D9C-11A7-4E49-9874-CB5BAA01A44D}.Release|Any CPU.Build.0 = Release|Any CPU
		{E3149243-7521-471D-84D3-CA78F139530A}.Debug|Any CPU.ActiveCfg = Debug|Any CPU
		{E3149243-7521-471D-84D3-CA78F139530A}.Debug|Any CPU.Build.0 = Debug|Any CPU
		{E3149243-7521-471D-84D3-CA78F139530A}.Release|Any CPU.ActiveCfg = Release|Any CPU
		{E3149243-7521-471D-84D3-CA78F139530A}.Release|Any CPU.Build.0 = Release|Any CPU
		{DFDFC5D9-C6DC-431E-AD1A-A8112AD2F1C3}.Debug|Any CPU.ActiveCfg = Debug|Any CPU
		{DFDFC5D9-C6DC-431E-AD1A-A8112AD2F1C3}.Debug|Any CPU.Build.0 = Debug|Any CPU
		{DFDFC5D9-C6DC-431E-AD1A-A8112AD2F1C3}.Release|Any CPU.ActiveCfg = Release|Any CPU
		{DFDFC5D9-C6DC-431E-AD1A-A8112AD2F1C3}.Release|Any CPU.Build.0 = Release|Any CPU
		{3B060ECB-7E6E-4A24-B70A-80BA98C2A8B2}.Debug|Any CPU.ActiveCfg = Debug|Any CPU
		{3B060ECB-7E6E-4A24-B70A-80BA98C2A8B2}.Debug|Any CPU.Build.0 = Debug|Any CPU
		{3B060ECB-7E6E-4A24-B70A-80BA98C2A8B2}.Debug|Any CPU.Deploy.0 = Debug|Any CPU
		{3B060ECB-7E6E-4A24-B70A-80BA98C2A8B2}.Release|Any CPU.ActiveCfg = Release|Any CPU
		{3B060ECB-7E6E-4A24-B70A-80BA98C2A8B2}.Release|Any CPU.Build.0 = Release|Any CPU
		{3B060ECB-7E6E-4A24-B70A-80BA98C2A8B2}.Release|Any CPU.Deploy.0 = Release|Any CPU
		{52E0C3F1-94B4-45F9-B63B-0597D59D9B75}.Debug|Any CPU.ActiveCfg = Debug|Any CPU
		{52E0C3F1-94B4-45F9-B63B-0597D59D9B75}.Debug|Any CPU.Build.0 = Debug|Any CPU
		{52E0C3F1-94B4-45F9-B63B-0597D59D9B75}.Release|Any CPU.ActiveCfg = Release|Any CPU
		{52E0C3F1-94B4-45F9-B63B-0597D59D9B75}.Release|Any CPU.Build.0 = Release|Any CPU
		{023860C6-A34F-4E4A-B83C-B47DDE977FCF}.Debug|Any CPU.ActiveCfg = Debug|Any CPU
		{023860C6-A34F-4E4A-B83C-B47DDE977FCF}.Debug|Any CPU.Build.0 = Debug|Any CPU
		{023860C6-A34F-4E4A-B83C-B47DDE977FCF}.Release|Any CPU.ActiveCfg = Release|Any CPU
		{023860C6-A34F-4E4A-B83C-B47DDE977FCF}.Release|Any CPU.Build.0 = Release|Any CPU
		{2CC00A0F-5E11-4FAD-BEE5-7565588948B9}.Debug|Any CPU.ActiveCfg = Debug|Any CPU
		{2CC00A0F-5E11-4FAD-BEE5-7565588948B9}.Debug|Any CPU.Build.0 = Debug|Any CPU
		{2CC00A0F-5E11-4FAD-BEE5-7565588948B9}.Release|Any CPU.ActiveCfg = Release|Any CPU
		{2CC00A0F-5E11-4FAD-BEE5-7565588948B9}.Release|Any CPU.Build.0 = Release|Any CPU
		{62D4BF56-D4AA-4054-9E17-9B075136F439}.Debug|Any CPU.ActiveCfg = Debug|Any CPU
		{62D4BF56-D4AA-4054-9E17-9B075136F439}.Debug|Any CPU.Build.0 = Debug|Any CPU
		{62D4BF56-D4AA-4054-9E17-9B075136F439}.Release|Any CPU.ActiveCfg = Release|Any CPU
		{62D4BF56-D4AA-4054-9E17-9B075136F439}.Release|Any CPU.Build.0 = Release|Any CPU
	EndGlobalSection
	GlobalSection(SolutionProperties) = preSolution
		HideSolutionNode = FALSE
	EndGlobalSection
	GlobalSection(NestedProjects) = preSolution
		{98C637FC-CC38-4D46-A7BF-ABC7AC3C77D2} = {889CB89C-FADA-43FF-9761-332A79976CEA}
		{20463608-BD22-4D43-8508-F05B74A60236} = {889CB89C-FADA-43FF-9761-332A79976CEA}
		{D08A9659-3209-4E14-B186-7A6FC7243579} = {889CB89C-FADA-43FF-9761-332A79976CEA}
		{66F8E99D-DDB5-48A0-B6F0-3698DA9A2D71} = {D08A9659-3209-4E14-B186-7A6FC7243579}
		{DF2FD837-4621-4606-A162-E0D1571473AF} = {98C637FC-CC38-4D46-A7BF-ABC7AC3C77D2}
		{9CD079AE-D374-451B-A2C5-F5A580B0D240} = {98C637FC-CC38-4D46-A7BF-ABC7AC3C77D2}
		{737FA776-CDF9-4E3C-90B6-81FA00CF2727} = {20463608-BD22-4D43-8508-F05B74A60236}
		{54623D9C-11A7-4E49-9874-CB5BAA01A44D} = {D08A9659-3209-4E14-B186-7A6FC7243579}
		{E3149243-7521-471D-84D3-CA78F139530A} = {66F8E99D-DDB5-48A0-B6F0-3698DA9A2D71}
		{DFDFC5D9-C6DC-431E-AD1A-A8112AD2F1C3} = {66F8E99D-DDB5-48A0-B6F0-3698DA9A2D71}
		{3B060ECB-7E6E-4A24-B70A-80BA98C2A8B2} = {CD93174C-29F8-4BD7-B2EA-FB0D7CEC1BC7}
		{52E0C3F1-94B4-45F9-B63B-0597D59D9B75} = {45FC7F53-0F3B-4FBA-9072-698F02F4049B}
		{819E8BDD-FDE4-4834-BE9F-0FFC9BEBCB51} = {889CB89C-FADA-43FF-9761-332A79976CEA}
		{023860C6-A34F-4E4A-B83C-B47DDE977FCF} = {819E8BDD-FDE4-4834-BE9F-0FFC9BEBCB51}
		{2CC00A0F-5E11-4FAD-BEE5-7565588948B9} = {819E8BDD-FDE4-4834-BE9F-0FFC9BEBCB51}
		{62D4BF56-D4AA-4054-9E17-9B075136F439} = {819E8BDD-FDE4-4834-BE9F-0FFC9BEBCB51}
	EndGlobalSection
EndGlobal
